
Microsoft Visual Studio Solution File, Format Version 12.00
# Visual Studio 15
VisualStudioVersion = 15.0.26730.16
MinimumVisualStudioVersion = 10.0.40219.1
Project("{FAE04EC0-301F-11D3-BF4B-00C04F79EFBC}") = "Gränssnitt", "Gränssnitt\Gränssnitt.csproj", "{B0B60B50-3EBA-4089-9BF7-94122744354A}"
EndProject
Global
	GlobalSection(SolutionConfigurationPlatforms) = preSolution
		Debug|Any CPU = Debug|Any CPU
		Release|Any CPU = Release|Any CPU
	EndGlobalSection
	GlobalSection(ProjectConfigurationPlatforms) = postSolution
		{B0B60B50-3EBA-4089-9BF7-94122744354A}.Debug|Any CPU.ActiveCfg = Debug|Any CPU
		{B0B60B50-3EBA-4089-9BF7-94122744354A}.Debug|Any CPU.Build.0 = Debug|Any CPU
		{B0B60B50-3EBA-4089-9BF7-94122744354A}.Release|Any CPU.ActiveCfg = Release|Any CPU
		{B0B60B50-3EBA-4089-9BF7-94122744354A}.Release|Any CPU.Build.0 = Release|Any CPU
	EndGlobalSection
	GlobalSection(SolutionProperties) = preSolution
		HideSolutionNode = FALSE
	EndGlobalSection
	GlobalSection(ExtensibilityGlobals) = postSolution
		SolutionGuid = {440806D1-DFDB-47F0-A979-DA01F5F33BAD}
	EndGlobalSection
EndGlobal
